
Microsoft Visual Studio Solution File, Format Version 12.00
# Visual Studio 15
VisualStudioVersion = 15.0.28307.1082
MinimumVisualStudioVersion = 10.0.40219.1
Project("{FAE04EC0-301F-11D3-BF4B-00C04F79EFBC}") = "Entidades", "Entidades\Entidades.csproj", "{68D2C0C5-590B-45C4-996F-1FA975219F2E}"
EndProject
Project("{FAE04EC0-301F-11D3-BF4B-00C04F79EFBC}") = "TestUnitarios", "TestUnitarios\TestUnitarios.csproj", "{02D3F9FF-E28F-4E2B-B21D-2D84ACB5E00F}"
EndProject
Project("{FAE04EC0-301F-11D3-BF4B-00C04F79EFBC}") = "Formularios", "Formularios\Formularios.csproj", "{05AE26C7-A852-4F51-9AAE-A7BED12D4D1D}"
EndProject
Global
	GlobalSection(SolutionConfigurationPlatforms) = preSolution
		Debug|Any CPU = Debug|Any CPU
		Release|Any CPU = Release|Any CPU
	EndGlobalSection
	GlobalSection(ProjectConfigurationPlatforms) = postSolution
		{68D2C0C5-590B-45C4-996F-1FA975219F2E}.Debug|Any CPU.ActiveCfg = Debug|Any CPU
		{68D2C0C5-590B-45C4-996F-1FA975219F2E}.Debug|Any CPU.Build.0 = Debug|Any CPU
		{68D2C0C5-590B-45C4-996F-1FA975219F2E}.Release|Any CPU.ActiveCfg = Release|Any CPU
		{68D2C0C5-590B-45C4-996F-1FA975219F2E}.Release|Any CPU.Build.0 = Release|Any CPU
		{02D3F9FF-E28F-4E2B-B21D-2D84ACB5E00F}.Debug|Any CPU.ActiveCfg = Debug|Any CPU
		{02D3F9FF-E28F-4E2B-B21D-2D84ACB5E00F}.Debug|Any CPU.Build.0 = Debug|Any CPU
		{02D3F9FF-E28F-4E2B-B21D-2D84ACB5E00F}.Release|Any CPU.ActiveCfg = Release|Any CPU
		{02D3F9FF-E28F-4E2B-B21D-2D84ACB5E00F}.Release|Any CPU.Build.0 = Release|Any CPU
		{05AE26C7-A852-4F51-9AAE-A7BED12D4D1D}.Debug|Any CPU.ActiveCfg = Debug|Any CPU
		{05AE26C7-A852-4F51-9AAE-A7BED12D4D1D}.Debug|Any CPU.Build.0 = Debug|Any CPU
		{05AE26C7-A852-4F51-9AAE-A7BED12D4D1D}.Release|Any CPU.ActiveCfg = Release|Any CPU
		{05AE26C7-A852-4F51-9AAE-A7BED12D4D1D}.Release|Any CPU.Build.0 = Release|Any CPU
	EndGlobalSection
	GlobalSection(SolutionProperties) = preSolution
		HideSolutionNode = FALSE
	EndGlobalSection
	GlobalSection(ExtensibilityGlobals) = postSolution
		SolutionGuid = {E56C3845-39DE-4BF8-B69D-06BEB90CA18B}
	EndGlobalSection
EndGlobal
