
Microsoft Visual Studio Solution File, Format Version 12.00
# Visual Studio 15
VisualStudioVersion = 15.0.28307.489
MinimumVisualStudioVersion = 10.0.40219.1
Project("{FAE04EC0-301F-11D3-BF4B-00C04F79EFBC}") = "EntidadesFinancieras", "Entidades\EntidadesFinancieras.csproj", "{0A8F51B7-6F0B-4275-9C0B-987238D12263}"
EndProject
Project("{FAE04EC0-301F-11D3-BF4B-00C04F79EFBC}") = "VistaConsola", "VistaConsola\VistaConsola.csproj", "{D5FE6B9C-1F6A-4010-A7FC-897C9B5B4D7E}"
EndProject
Global
	GlobalSection(SolutionConfigurationPlatforms) = preSolution
		Debug|Any CPU = Debug|Any CPU
		Release|Any CPU = Release|Any CPU
	EndGlobalSection
	GlobalSection(ProjectConfigurationPlatforms) = postSolution
		{0A8F51B7-6F0B-4275-9C0B-987238D12263}.Debug|Any CPU.ActiveCfg = Debug|Any CPU
		{0A8F51B7-6F0B-4275-9C0B-987238D12263}.Debug|Any CPU.Build.0 = Debug|Any CPU
		{0A8F51B7-6F0B-4275-9C0B-987238D12263}.Release|Any CPU.ActiveCfg = Release|Any CPU
		{0A8F51B7-6F0B-4275-9C0B-987238D12263}.Release|Any CPU.Build.0 = Release|Any CPU
		{D5FE6B9C-1F6A-4010-A7FC-897C9B5B4D7E}.Debug|Any CPU.ActiveCfg = Debug|Any CPU
		{D5FE6B9C-1F6A-4010-A7FC-897C9B5B4D7E}.Debug|Any CPU.Build.0 = Debug|Any CPU
		{D5FE6B9C-1F6A-4010-A7FC-897C9B5B4D7E}.Release|Any CPU.ActiveCfg = Release|Any CPU
		{D5FE6B9C-1F6A-4010-A7FC-897C9B5B4D7E}.Release|Any CPU.Build.0 = Release|Any CPU
	EndGlobalSection
	GlobalSection(SolutionProperties) = preSolution
		HideSolutionNode = FALSE
	EndGlobalSection
	GlobalSection(ExtensibilityGlobals) = postSolution
		SolutionGuid = {BC9DEB57-80C5-4F47-9BF5-39243999B9DD}
	EndGlobalSection
EndGlobal
