
Microsoft Visual Studio Solution File, Format Version 12.00
# Visual Studio 15
VisualStudioVersion = 15.0.28307.489
MinimumVisualStudioVersion = 10.0.40219.1
Project("{FAE04EC0-301F-11D3-BF4B-00C04F79EFBC}") = "Entidades", "Entidades\Entidades.csproj", "{6014AF48-E87A-43BC-ADF5-CF6B2B7A1DF9}"
EndProject
Project("{FAE04EC0-301F-11D3-BF4B-00C04F79EFBC}") = "VistaConsola", "VistaConsola\VistaConsola.csproj", "{C252CF90-84C3-4837-9E13-B2319F9C2FFF}"
EndProject
Project("{FAE04EC0-301F-11D3-BF4B-00C04F79EFBC}") = "VistaForm", "VistaForm\VistaForm.csproj", "{3E3AEB9A-9C00-49AC-9045-DCCB1FE08A88}"
EndProject
Global
	GlobalSection(SolutionConfigurationPlatforms) = preSolution
		Debug|Any CPU = Debug|Any CPU
		Release|Any CPU = Release|Any CPU
	EndGlobalSection
	GlobalSection(ProjectConfigurationPlatforms) = postSolution
		{6014AF48-E87A-43BC-ADF5-CF6B2B7A1DF9}.Debug|Any CPU.ActiveCfg = Debug|Any CPU
		{6014AF48-E87A-43BC-ADF5-CF6B2B7A1DF9}.Debug|Any CPU.Build.0 = Debug|Any CPU
		{6014AF48-E87A-43BC-ADF5-CF6B2B7A1DF9}.Release|Any CPU.ActiveCfg = Release|Any CPU
		{6014AF48-E87A-43BC-ADF5-CF6B2B7A1DF9}.Release|Any CPU.Build.0 = Release|Any CPU
		{C252CF90-84C3-4837-9E13-B2319F9C2FFF}.Debug|Any CPU.ActiveCfg = Debug|Any CPU
		{C252CF90-84C3-4837-9E13-B2319F9C2FFF}.Debug|Any CPU.Build.0 = Debug|Any CPU
		{C252CF90-84C3-4837-9E13-B2319F9C2FFF}.Release|Any CPU.ActiveCfg = Release|Any CPU
		{C252CF90-84C3-4837-9E13-B2319F9C2FFF}.Release|Any CPU.Build.0 = Release|Any CPU
		{3E3AEB9A-9C00-49AC-9045-DCCB1FE08A88}.Debug|Any CPU.ActiveCfg = Debug|Any CPU
		{3E3AEB9A-9C00-49AC-9045-DCCB1FE08A88}.Debug|Any CPU.Build.0 = Debug|Any CPU
		{3E3AEB9A-9C00-49AC-9045-DCCB1FE08A88}.Release|Any CPU.ActiveCfg = Release|Any CPU
		{3E3AEB9A-9C00-49AC-9045-DCCB1FE08A88}.Release|Any CPU.Build.0 = Release|Any CPU
	EndGlobalSection
	GlobalSection(SolutionProperties) = preSolution
		HideSolutionNode = FALSE
	EndGlobalSection
	GlobalSection(ExtensibilityGlobals) = postSolution
		SolutionGuid = {F9865B94-277B-4F3A-9A47-E9DC828A36BB}
	EndGlobalSection
EndGlobal
